Microsoft Visual Studio Solution File, Format Version 12.00
# Visual Studio 15
VisualStudioVersion = 15.0.26124.0
MinimumVisualStudioVersion = 15.0.26124.0
Project("{9A19103F-16F7-4668-BE54-9A1E7A4F7556}") = "ShortestPath", "ShortestPath\ShortestPath.csproj", "{F63BCB48-0456-45EE-A864-D164FB3197CE}"
EndProject
Global
	GlobalSection(SolutionConfigurationPlatforms) = preSolution
		Debug|Any CPU = Debug|Any CPU
		Debug|x64 = Debug|x64
		Debug|x86 = Debug|x86
		Release|Any CPU = Release|Any CPU
		Release|x64 = Release|x64
		Release|x86 = Release|x86
	EndGlobalSection
	GlobalSection(ProjectConfigurationPlatforms) = postSolution
		{F63BCB48-0456-45EE-A864-D164FB3197CE}.Debug|Any CPU.ActiveCfg = Debug|Any CPU
		{F63BCB48-0456-45EE-A864-D164FB3197CE}.Debug|Any CPU.Build.0 = Debug|Any CPU
		{F63BCB48-0456-45EE-A864-D164FB3197CE}.Debug|x64.ActiveCfg = Debug|Any CPU
		{F63BCB48-0456-45EE-A864-D164FB3197CE}.Debug|x64.Build.0 = Debug|Any CPU
		{F63BCB48-0456-45EE-A864-D164FB3197CE}.Debug|x86.ActiveCfg = Debug|Any CPU
		{F63BCB48-0456-45EE-A864-D164FB3197CE}.Debug|x86.Build.0 = Debug|Any CPU
		{F63BCB48-0456-45EE-A864-D164FB3197CE}.Release|Any CPU.ActiveCfg = Release|Any CPU
		{F63BCB48-0456-45EE-A864-D164FB3197CE}.Release|Any CPU.Build.0 = Release|Any CPU
		{F63BCB48-0456-45EE-A864-D164FB3197CE}.Release|x64.ActiveCfg = Release|Any CPU
		{F63BCB48-0456-45EE-A864-D164FB3197CE}.Release|x64.Build.0 = Release|Any CPU
		{F63BCB48-0456-45EE-A864-D164FB3197CE}.Release|x86.ActiveCfg = Release|Any CPU
		{F63BCB48-0456-45EE-A864-D164FB3197CE}.Release|x86.Build.0 = Release|Any CPU
	EndGlobalSection
	GlobalSection(SolutionProperties) = preSolution
		HideSolutionNode = FALSE
	EndGlobalSection
	GlobalSection(ExtensibilityGlobals) = postSolution
		SolutionGuid = {1BAC290A-064A-47A3-9260-A61B47F4999E}
	EndGlobalSection
EndGlobal
