
Microsoft Visual Studio Solution File, Format Version 12.00
# Visual Studio 15
VisualStudioVersion = 15.0.27428.2043
MinimumVisualStudioVersion = 10.0.40219.1
Project("{FAE04EC0-301F-11D3-BF4B-00C04F79EFBC}") = "snake", "snake\snake.csproj", "{521B363F-F52E-4169-878F-8A64A7C1BA14}"
EndProject
Global
	GlobalSection(SolutionConfigurationPlatforms) = preSolution
		Debug|Any CPU = Debug|Any CPU
		Release|Any CPU = Release|Any CPU
	EndGlobalSection
	GlobalSection(ProjectConfigurationPlatforms) = postSolution
		{521B363F-F52E-4169-878F-8A64A7C1BA14}.Debug|Any CPU.ActiveCfg = Debug|Any CPU
		{521B363F-F52E-4169-878F-8A64A7C1BA14}.Debug|Any CPU.Build.0 = Debug|Any CPU
		{521B363F-F52E-4169-878F-8A64A7C1BA14}.Release|Any CPU.ActiveCfg = Release|Any CPU
		{521B363F-F52E-4169-878F-8A64A7C1BA14}.Release|Any CPU.Build.0 = Release|Any CPU
	EndGlobalSection
	GlobalSection(SolutionProperties) = preSolution
		HideSolutionNode = FALSE
	EndGlobalSection
	GlobalSection(ExtensibilityGlobals) = postSolution
		SolutionGuid = {18B76CB6-9A0C-4EE8-A912-102A3A5AADEB}
	EndGlobalSection
EndGlobal
